
Microsoft Visual Studio Solution File, Format Version 12.00
# Visual Studio Version 17
VisualStudioVersion = 17.2.32630.192
MinimumVisualStudioVersion = 10.0.40219.1
Project("{FAE04EC0-301F-11D3-BF4B-00C04F79EFBC}") = "tickit", "tickit\tickit.csproj", "{E6F8B96A-6B4B-4CCB-A71C-67A301C837AF}"
EndProject
Global
	GlobalSection(SolutionConfigurationPlatforms) = preSolution
		Debug|Any CPU = Debug|Any CPU
		Release|Any CPU = Release|Any CPU
	EndGlobalSection
	GlobalSection(ProjectConfigurationPlatforms) = postSolution
		{E6F8B96A-6B4B-4CCB-A71C-67A301C837AF}.Debug|Any CPU.ActiveCfg = Debug|Any CPU
		{E6F8B96A-6B4B-4CCB-A71C-67A301C837AF}.Debug|Any CPU.Build.0 = Debug|Any CPU
		{E6F8B96A-6B4B-4CCB-A71C-67A301C837AF}.Release|Any CPU.ActiveCfg = Release|Any CPU
		{E6F8B96A-6B4B-4CCB-A71C-67A301C837AF}.Release|Any CPU.Build.0 = Release|Any CPU
	EndGlobalSection
	GlobalSection(SolutionProperties) = preSolution
		HideSolutionNode = FALSE
	EndGlobalSection
	GlobalSection(ExtensibilityGlobals) = postSolution
		SolutionGuid = {E3875AA3-3CDA-49C4-8CC9-AE22AA41F88A}
	EndGlobalSection
EndGlobal
